// !$*UTF8*$!
{
	archiveVersion = 1;
	classes = {
	};
	objectVersion = 50;
	objects = {

/* Begin PBXBuildFile section */
		8C9E5BAD2615D3BF001AB5B5 /* iBooksLayout.framework in Frameworks */ = {isa = PBXBuildFile; fileRef = 8C9E5BA62615D3BF001AB5B5 /* iBooksLayout.framework */; };
		8C9E5BAE2615D3BF001AB5B5 /* iBooksLayout.framework in Embed Frameworks */ = {isa = PBXBuildFile; fileRef = 8C9E5BA62615D3BF001AB5B5 /* iBooksLayout.framework */; settings = {ATTRIBUTES = (CodeSignOnCopy, RemoveHeadersOnCopy, ); }; };
		8C9E5BBA2615D43C001AB5B5 /* BooksLayoutScrollableCell.swift in Sources */ = {isa = PBXBuildFile; fileRef = 8C9E5BB82615D43C001AB5B5 /* BooksLayoutScrollableCell.swift */; };
		8C9E5BBB2615D43C001AB5B5 /* BooksLayout.swift in Sources */ = {isa = PBXBuildFile; fileRef = 8C9E5BB92615D43C001AB5B5 /* BooksLayout.swift */; };
		8C9E5BC32615D494001AB5B5 /* ViewController.swift in Sources */ = {isa = PBXBuildFile; fileRef = 8C9E5BBE2615D494001AB5B5 /* ViewController.swift */; };
		8C9E5BC42615D494001AB5B5 /* MyContentViewController.swift in Sources */ = {isa = PBXBuildFile; fileRef = 8C9E5BBF2615D494001AB5B5 /* MyContentViewController.swift */; };
		8C9E5BC52615D494001AB5B5 /* Helpers.swift in Sources */ = {isa = PBXBuildFile; fileRef = 8C9E5BC02615D494001AB5B5 /* Helpers.swift */; };
		8C9E5BC62615D494001AB5B5 /* AppDelegate.swift in Sources */ = {isa = PBXBuildFile; fileRef = 8C9E5BC12615D494001AB5B5 /* AppDelegate.swift */; };
		8C9E5BC72615D494001AB5B5 /* InitialVC.swift in Sources */ = {isa = PBXBuildFile; fileRef = 8C9E5BC22615D494001AB5B5 /* InitialVC.swift */; };
		8C9E5BCE2615D49F001AB5B5 /* Assets.xcassets in Resources */ = {isa = PBXBuildFile; fileRef = 8C9E5BCA2615D49F001AB5B5 /* Assets.xcassets */; };
		8C9E5BCF2615D49F001AB5B5 /* LaunchScreen.storyboard in Resources */ = {isa = PBXBuildFile; fileRef = 8C9E5BCB2615D49F001AB5B5 /* LaunchScreen.storyboard */; };
		8C9E5BD02615D49F001AB5B5 /* Default-568h@2x.png in Resources */ = {isa = PBXBuildFile; fileRef = 8C9E5BCD2615D49F001AB5B5 /* Default-568h@2x.png */; };
/* End PBXBuildFile section */

/* Begin PBXContainerItemProxy section */
		8C9E5BAB2615D3BF001AB5B5 /* PBXContainerItemProxy */ = {
			isa = PBXContainerItemProxy;
			containerPortal = 6F4AF2402383DFCB007809F9 /* Project object */;
			proxyType = 1;
			remoteGlobalIDString = 8C9E5BA52615D3BF001AB5B5;
			remoteInfo = iBooksLayout;
		};
/* End PBXContainerItemProxy section */

/* Begin PBXCopyFilesBuildPhase section */
		6F4AF2862386B058007809F9 /* Embed Frameworks */ = {
			isa = PBXCopyFilesBuildPhase;
			buildActionMask = 2147483647;
			dstPath = "";
			dstSubfolderSpec = 10;
			files = (
				8C9E5BAE2615D3BF001AB5B5 /* iBooksLayout.framework in Embed Frameworks */,
			);
			name = "Embed Frameworks";
			runOnlyForDeploymentPostprocessing = 0;
		};
/* End PBXCopyFilesBuildPhase section */

/* Begin PBXFileReference section */
		6F4AF2482383DFCB007809F9 /* iBooksCollectionLayout.app */ = {isa = PBXFileReference; explicitFileType = wrapper.application; includeInIndex = 0; path = iBooksCollectionLayout.app; sourceTree = BUILT_PRODUCTS_DIR; };
		8C6047A02615DB6C003CC61B /* Info.plist */ = {isa = PBXFileReference; fileEncoding = 4; lastKnownFileType = text.plist.xml; path = Info.plist; sourceTree = "<group>"; };
		8C9E5BA62615D3BF001AB5B5 /* iBooksLayout.framework */ = {isa = PBXFileReference; explicitFileType = wrapper.framework; includeInIndex = 0; path = iBooksLayout.framework; sourceTree = BUILT_PRODUCTS_DIR; };
		8C9E5BB42615D40A001AB5B5 /* iBooksLayout.h */ = {isa = PBXFileReference; fileEncoding = 4; lastKnownFileType = sourcecode.c.h; path = iBooksLayout.h; sourceTree = "<group>"; };
		8C9E5BB52615D40A001AB5B5 /* Info.plist */ = {isa = PBXFileReference; fileEncoding = 4; lastKnownFileType = text.plist.xml; path = Info.plist; sourceTree = "<group>"; };
		8C9E5BB82615D43C001AB5B5 /* BooksLayoutScrollableCell.swift */ = {isa = PBXFileReference; fileEncoding = 4; lastKnownFileType = sourcecode.swift; name = BooksLayoutScrollableCell.swift; path = ../../../Sources/iBooksLayout/BooksLayoutScrollableCell.swift; sourceTree = "<group>"; };
		8C9E5BB92615D43C001AB5B5 /* BooksLayout.swift */ = {isa = PBXFileReference; fileEncoding = 4; lastKnownFileType = sourcecode.swift; name = BooksLayout.swift; path = ../../../Sources/iBooksLayout/BooksLayout.swift; sourceTree = "<group>"; };
		8C9E5BBE2615D494001AB5B5 /* ViewController.swift */ = {isa = PBXFileReference; fileEncoding = 4; lastKnownFileType = sourcecode.swift; path = ViewController.swift; sourceTree = "<group>"; };
		8C9E5BBF2615D494001AB5B5 /* MyContentViewController.swift */ = {isa = PBXFileReference; fileEncoding = 4; lastKnownFileType = sourcecode.swift; path = MyContentViewController.swift; sourceTree = "<group>"; };
		8C9E5BC02615D494001AB5B5 /* Helpers.swift */ = {isa = PBXFileReference; fileEncoding = 4; lastKnownFileType = sourcecode.swift; path = Helpers.swift; sourceTree = "<group>"; };
		8C9E5BC12615D494001AB5B5 /* AppDelegate.swift */ = {isa = PBXFileReference; fileEncoding = 4; lastKnownFileType = sourcecode.swift; path = AppDelegate.swift; sourceTree = "<group>"; };
		8C9E5BC22615D494001AB5B5 /* InitialVC.swift */ = {isa = PBXFileReference; fileEncoding = 4; lastKnownFileType = sourcecode.swift; path = InitialVC.swift; sourceTree = "<group>"; };
		8C9E5BCA2615D49F001AB5B5 /* Assets.xcassets */ = {isa = PBXFileReference; lastKnownFileType = folder.assetcatalog; path = Assets.xcassets; sourceTree = "<group>"; };
		8C9E5BCC2615D49F001AB5B5 /* Base */ = {isa = PBXFileReference; lastKnownFileType = file.storyboard; name = Base; path = Base.lproj/LaunchScreen.storyboard; sourceTree = "<group>"; };
		8C9E5BCD2615D49F001AB5B5 /* Default-568h@2x.png */ = {isa = PBXFileReference; lastKnownFileType = image.png; path = "Default-568h@2x.png"; sourceTree = "<group>"; };
/* End PBXFileReference section */

/* Begin PBXFrameworksBuildPhase section */
		6F4AF2452383DFCB007809F9 /* Frameworks */ = {
			isa = PBXFrameworksBuildPhase;
			buildActionMask = 2147483647;
			files = (
				8C9E5BAD2615D3BF001AB5B5 /* iBooksLayout.framework in Frameworks */,
			);
			runOnlyForDeploymentPostprocessing = 0;
		};
		8C9E5BA32615D3BF001AB5B5 /* Frameworks */ = {
			isa = PBXFrameworksBuildPhase;
			buildActionMask = 2147483647;
			files = (
			);
			runOnlyForDeploymentPostprocessing = 0;
		};
/* End PBXFrameworksBuildPhase section */

/* Begin PBXGroup section */
		6F4AF23F2383DFCB007809F9 = {
			isa = PBXGroup;
			children = (
				8C9E5BC92615D49F001AB5B5 /* Resources */,
				8C9E5BBD2615D494001AB5B5 /* App */,
				8C9E5BB32615D40A001AB5B5 /* iBooksLayout */,
				6F4AF2492383DFCB007809F9 /* Products */,
			);
			sourceTree = "<group>";
		};
		6F4AF2492383DFCB007809F9 /* Products */ = {
			isa = PBXGroup;
			children = (
				6F4AF2482383DFCB007809F9 /* iBooksCollectionLayout.app */,
				8C9E5BA62615D3BF001AB5B5 /* iBooksLayout.framework */,
			);
			name = Products;
			sourceTree = "<group>";
		};
		8C9E5BB32615D40A001AB5B5 /* iBooksLayout */ = {
			isa = PBXGroup;
			children = (
				8C9E5BB92615D43C001AB5B5 /* BooksLayout.swift */,
				8C9E5BB82615D43C001AB5B5 /* BooksLayoutScrollableCell.swift */,
				8C9E5BB42615D40A001AB5B5 /* iBooksLayout.h */,
				8C9E5BB52615D40A001AB5B5 /* Info.plist */,
			);
			name = iBooksLayout;
			path = Sources/iBooksLayout;
			sourceTree = "<group>";
		};
		8C9E5BBD2615D494001AB5B5 /* App */ = {
			isa = PBXGroup;
			children = (
				8C6047A02615DB6C003CC61B /* Info.plist */,
				8C9E5BBE2615D494001AB5B5 /* ViewController.swift */,
				8C9E5BBF2615D494001AB5B5 /* MyContentViewController.swift */,
				8C9E5BC02615D494001AB5B5 /* Helpers.swift */,
				8C9E5BC12615D494001AB5B5 /* AppDelegate.swift */,
				8C9E5BC22615D494001AB5B5 /* InitialVC.swift */,
			);
			name = App;
			path = Sources/App;
			sourceTree = "<group>";
		};
		8C9E5BC92615D49F001AB5B5 /* Resources */ = {
			isa = PBXGroup;
			children = (
				8C9E5BCA2615D49F001AB5B5 /* Assets.xcassets */,
				8C9E5BCB2615D49F001AB5B5 /* LaunchScreen.storyboard */,
				8C9E5BCD2615D49F001AB5B5 /* Default-568h@2x.png */,
			);
			path = Resources;
			sourceTree = "<group>";
		};
/* End PBXGroup section */

/* Begin PBXHeadersBuildPhase section */
		8C9E5BA12615D3BF001AB5B5 /* Headers */ = {
			isa = PBXHeadersBuildPhase;
			buildActionMask = 2147483647;
			files = (
			);
			runOnlyForDeploymentPostprocessing = 0;
		};
/* End PBXHeadersBuildPhase section */

/* Begin PBXNativeTarget section */
		6F4AF2472383DFCB007809F9 /* iBooksCollectionLayout */ = {
			isa = PBXNativeTarget;
			buildConfigurationList = 6F4AF25C2383DFCD007809F9 /* Build configuration list for PBXNativeTarget "iBooksCollectionLayout" */;
			buildPhases = (
				6F4AF2442383DFCB007809F9 /* Sources */,
				6F4AF2452383DFCB007809F9 /* Frameworks */,
				6F4AF2462383DFCB007809F9 /* Resources */,
				6F4AF2862386B058007809F9 /* Embed Frameworks */,
			);
			buildRules = (
			);
			dependencies = (
				8C9E5BAC2615D3BF001AB5B5 /* PBXTargetDependency */,
			);
			name = iBooksCollectionLayout;
			productName = iBooksCollectionLayout;
			productReference = 6F4AF2482383DFCB007809F9 /* iBooksCollectionLayout.app */;
			productType = "com.apple.product-type.application";
		};
		8C9E5BA52615D3BF001AB5B5 /* iBooksLayout */ = {
			isa = PBXNativeTarget;
			buildConfigurationList = 8C9E5BB12615D3BF001AB5B5 /* Build configuration list for PBXNativeTarget "iBooksLayout" */;
			buildPhases = (
				8C9E5BA12615D3BF001AB5B5 /* Headers */,
				8C9E5BA22615D3BF001AB5B5 /* Sources */,
				8C9E5BA32615D3BF001AB5B5 /* Frameworks */,
				8C9E5BA42615D3BF001AB5B5 /* Resources */,
			);
			buildRules = (
			);
			dependencies = (
			);
			name = iBooksLayout;
			productName = iBooksLayout;
			productReference = 8C9E5BA62615D3BF001AB5B5 /* iBooksLayout.framework */;
			productType = "com.apple.product-type.framework";
		};
/* End PBXNativeTarget section */

/* Begin PBXProject section */
		6F4AF2402383DFCB007809F9 /* Project object */ = {
			isa = PBXProject;
			attributes = {
				LastSwiftUpdateCheck = 1120;
				LastUpgradeCheck = 1120;
				ORGANIZATIONNAME = tromg;
				TargetAttributes = {
					6F4AF2472383DFCB007809F9 = {
						CreatedOnToolsVersion = 11.2.1;
					};
					8C9E5BA52615D3BF001AB5B5 = {
						CreatedOnToolsVersion = 12.4;
						LastSwiftMigration = 1240;
					};
				};
			};
			buildConfigurationList = 6F4AF2432383DFCB007809F9 /* Build configuration list for PBXProject "iBooksCollectionLayout" */;
			compatibilityVersion = "Xcode 9.3";
			developmentRegion = en;
			hasScannedForEncodings = 0;
			knownRegions = (
				en,
				Base,
			);
			mainGroup = 6F4AF23F2383DFCB007809F9;
			productRefGroup = 6F4AF2492383DFCB007809F9 /* Products */;
			projectDirPath = "";
			projectRoot = "";
			targets = (
				6F4AF2472383DFCB007809F9 /* iBooksCollectionLayout */,
				8C9E5BA52615D3BF001AB5B5 /* iBooksLayout */,
			);
		};
/* End PBXProject section */

/* Begin PBXResourcesBuildPhase section */
		6F4AF2462383DFCB007809F9 /* Resources */ = {
			isa = PBXResourcesBuildPhase;
			buildActionMask = 2147483647;
			files = (
				8C9E5BCF2615D49F001AB5B5 /* LaunchScreen.storyboard in Resources */,
				8C9E5BD02615D49F001AB5B5 /* Default-568h@2x.png in Resources */,
				8C9E5BCE2615D49F001AB5B5 /* Assets.xcassets in Resources */,
			);
			runOnlyForDeploymentPostprocessing = 0;
		};
		8C9E5BA42615D3BF001AB5B5 /* Resources */ = {
			isa = PBXResourcesBuildPhase;
			buildActionMask = 2147483647;
			files = (
			);
			runOnlyForDeploymentPostprocessing = 0;
		};
/* End PBXResourcesBuildPhase section */

/* Begin PBXSourcesBuildPhase section */
		6F4AF2442383DFCB007809F9 /* Sources */ = {
			isa = PBXSourcesBuildPhase;
			buildActionMask = 2147483647;
			files = (
				8C9E5BC72615D494001AB5B5 /* InitialVC.swift in Sources */,
				8C9E5BC62615D494001AB5B5 /* AppDelegate.swift in Sources */,
				8C9E5BC42615D494001AB5B5 /* MyContentViewController.swift in Sources */,
				8C9E5BC52615D494001AB5B5 /* Helpers.swift in Sources */,
				8C9E5BC32615D494001AB5B5 /* ViewController.swift in Sources */,
			);
			runOnlyForDeploymentPostprocessing = 0;
		};
		8C9E5BA22615D3BF001AB5B5 /* Sources */ = {
			isa = PBXSourcesBuildPhase;
			buildActionMask = 2147483647;
			files = (
				8C9E5BBB2615D43C001AB5B5 /* BooksLayout.swift in Sources */,
				8C9E5BBA2615D43C001AB5B5 /* BooksLayoutScrollableCell.swift in Sources */,
			);
			runOnlyForDeploymentPostprocessing = 0;
		};
/* End PBXSourcesBuildPhase section */

/* Begin PBXTargetDependency section */
		8C9E5BAC2615D3BF001AB5B5 /* PBXTargetDependency */ = {
			isa = PBXTargetDependency;
			target = 8C9E5BA52615D3BF001AB5B5 /* iBooksLayout */;
			targetProxy = 8C9E5BAB2615D3BF001AB5B5 /* PBXContainerItemProxy */;
		};
/* End PBXTargetDependency section */

/* Begin PBXVariantGroup section */
		8C9E5BCB2615D49F001AB5B5 /* LaunchScreen.storyboard */ = {
			isa = PBXVariantGroup;
			children = (
				8C9E5BCC2615D49F001AB5B5 /* Base */,
			);
			name = LaunchScreen.storyboard;
			sourceTree = "<group>";
		};
/* End PBXVariantGroup section */

/* Begin XCBuildConfiguration section */
		6F4AF25A2383DFCD007809F9 /* Debug */ = {
			isa = XCBuildConfiguration;
			buildSettings = {
				ALWAYS_SEARCH_USER_PATHS = NO;
				CLANG_ANALYZER_NONNULL = YES;
				CLANG_ANALYZER_NUMBER_OBJECT_CONVERSION = YES_AGGRESSIVE;
				CLANG_CXX_LANGUAGE_STANDARD = "gnu++14";
				CLANG_CXX_LIBRARY = "libc++";
				CLANG_ENABLE_MODULES = YES;
				CLANG_ENABLE_OBJC_ARC = YES;
				CLANG_ENABLE_OBJC_WEAK = YES;
				CLANG_WARN_BLOCK_CAPTURE_AUTORELEASING = YES;
				CLANG_WARN_BOOL_CONVERSION = YES;
				CLANG_WARN_COMMA = YES;
				CLANG_WARN_CONSTANT_CONVERSION = YES;
				CLANG_WARN_DEPRECATED_OBJC_IMPLEMENTATIONS = YES;
				CLANG_WARN_DIRECT_OBJC_ISA_USAGE = YES_ERROR;
				CLANG_WARN_DOCUMENTATION_COMMENTS = YES;
				CLANG_WARN_EMPTY_BODY = YES;
				CLANG_WARN_ENUM_CONVERSION = YES;
				CLANG_WARN_INFINITE_RECURSION = YES;
				CLANG_WARN_INT_CONVERSION = YES;
				CLANG_WARN_NON_LITERAL_NULL_CONVERSION = YES;
				CLANG_WARN_OBJC_IMPLICIT_RETAIN_SELF = YES;
				CLANG_WARN_OBJC_LITERAL_CONVERSION = YES;
				CLANG_WARN_OBJC_ROOT_CLASS = YES_ERROR;
				CLANG_WARN_RANGE_LOOP_ANALYSIS = YES;
				CLANG_WARN_STRICT_PROTOTYPES = YES;
				CLANG_WARN_SUSPICIOUS_MOVE = YES;
				CLANG_WARN_UNGUARDED_AVAILABILITY = YES_AGGRESSIVE;
				CLANG_WARN_UNREACHABLE_CODE = YES;
				CLANG_WARN__DUPLICATE_METHOD_MATCH = YES;
				COPY_PHASE_STRIP = NO;
				DEBUG_INFORMATION_FORMAT = dwarf;
				ENABLE_STRICT_OBJC_MSGSEND = YES;
				ENABLE_TESTABILITY = YES;
				GCC_C_LANGUAGE_STANDARD = gnu11;
				GCC_DYNAMIC_NO_PIC = NO;
				GCC_NO_COMMON_BLOCKS = YES;
				GCC_OPTIMIZATION_LEVEL = 0;
				GCC_PREPROCESSOR_DEFINITIONS = (
					"DEBUG=1",
					"$(inherited)",
				);
				GCC_WARN_64_TO_32_BIT_CONVERSION = YES;
				GCC_WARN_ABOUT_RETURN_TYPE = YES_ERROR;
				GCC_WARN_UNDECLARED_SELECTOR = YES;
				GCC_WARN_UNINITIALIZED_AUTOS = YES_AGGRESSIVE;
				GCC_WARN_UNUSED_FUNCTION = YES;
				GCC_WARN_UNUSED_VARIABLE = YES;
				IPHONEOS_DEPLOYMENT_TARGET = 13.0;
				MTL_ENABLE_DEBUG_INFO = INCLUDE_SOURCE;
				MTL_FAST_MATH = YES;
				ONLY_ACTIVE_ARCH = YES;
				SDKROOT = iphoneos;
				SWIFT_ACTIVE_COMPILATION_CONDITIONS = DEBUG;
				SWIFT_OPTIMIZATION_LEVEL = "-Onone";
			};
			name = Debug;
		};
		6F4AF25B2383DFCD007809F9 /* Release */ = {
			isa = XCBuildConfiguration;
			buildSettings = {
				ALWAYS_SEARCH_USER_PATHS = NO;
				CLANG_ANALYZER_NONNULL = YES;
				CLANG_ANALYZER_NUMBER_OBJECT_CONVERSION = YES_AGGRESSIVE;
				CLANG_CXX_LANGUAGE_STANDARD = "gnu++14";
				CLANG_CXX_LIBRARY = "libc++";
				CLANG_ENABLE_MODULES = YES;
				CLANG_ENABLE_OBJC_ARC = YES;
				CLANG_ENABLE_OBJC_WEAK = YES;
				CLANG_WARN_BLOCK_CAPTURE_AUTORELEASING = YES;
				CLANG_WARN_BOOL_CONVERSION = YES;
				CLANG_WARN_COMMA = YES;
				CLANG_WARN_CONSTANT_CONVERSION = YES;
				CLANG_WARN_DEPRECATED_OBJC_IMPLEMENTATIONS = YES;
				CLANG_WARN_DIRECT_OBJC_ISA_USAGE = YES_ERROR;
				CLANG_WARN_DOCUMENTATION_COMMENTS = YES;
				CLANG_WARN_EMPTY_BODY = YES;
				CLANG_WARN_ENUM_CONVERSION = YES;
				CLANG_WARN_INFINITE_RECURSION = YES;
				CLANG_WARN_INT_CONVERSION = YES;
				CLANG_WARN_NON_LITERAL_NULL_CONVERSION = YES;
				CLANG_WARN_OBJC_IMPLICIT_RETAIN_SELF = YES;
				CLANG_WARN_OBJC_LITERAL_CONVERSION = YES;
				CLANG_WARN_OBJC_ROOT_CLASS = YES_ERROR;
				CLANG_WARN_RANGE_LOOP_ANALYSIS = YES;
				CLANG_WARN_STRICT_PROTOTYPES = YES;
				CLANG_WARN_SUSPICIOUS_MOVE = YES;
				CLANG_WARN_UNGUARDED_AVAILABILITY = YES_AGGRESSIVE;
				CLANG_WARN_UNREACHABLE_CODE = YES;
				CLANG_WARN__DUPLICATE_METHOD_MATCH = YES;
				COPY_PHASE_STRIP = NO;
				DEBUG_INFORMATION_FORMAT = "dwarf-with-dsym";
				ENABLE_NS_ASSERTIONS = NO;
				ENABLE_STRICT_OBJC_MSGSEND = YES;
				GCC_C_LANGUAGE_STANDARD = gnu11;
				GCC_NO_COMMON_BLOCKS = YES;
				GCC_WARN_64_TO_32_BIT_CONVERSION = YES;
				GCC_WARN_ABOUT_RETURN_TYPE = YES_ERROR;
				GCC_WARN_UNDECLARED_SELECTOR = YES;
				GCC_WARN_UNINITIALIZED_AUTOS = YES_AGGRESSIVE;
				GCC_WARN_UNUSED_FUNCTION = YES;
				GCC_WARN_UNUSED_VARIABLE = YES;
				IPHONEOS_DEPLOYMENT_TARGET = 13.0;
				MTL_ENABLE_DEBUG_INFO = NO;
				MTL_FAST_MATH = YES;
				SDKROOT = iphoneos;
				SWIFT_COMPILATION_MODE = wholemodule;
				SWIFT_OPTIMIZATION_LEVEL = "-O";
				VALIDATE_PRODUCT = YES;
			};
			name = Release;
		};
		6F4AF25D2383DFCD007809F9 /* Debug */ = {
			isa = XCBuildConfiguration;
			buildSettings = {
				ALWAYS_EMBED_SWIFT_STANDARD_LIBRARIES = YES;
				ASSETCATALOG_COMPILER_APPICON_NAME = AppIcon;
				CODE_SIGN_STYLE = Automatic;
				DEVELOPMENT_TEAM = X5XRLT3ZW8;
				INFOPLIST_FILE = Sources/App/Info.plist;
				LD_RUNPATH_SEARCH_PATHS = (
					"$(inherited)",
					"@executable_path/Frameworks",
				);
				PRODUCT_BUNDLE_IDENTIFIER = tromg.iBooksCollectionLayout;
				PRODUCT_NAME = "$(TARGET_NAME)";
				SWIFT_VERSION = 5.0;
				TARGETED_DEVICE_FAMILY = "1,2";
			};
			name = Debug;
		};
		6F4AF25E2383DFCD007809F9 /* Release */ = {
			isa = XCBuildConfiguration;
			buildSettings = {
				ALWAYS_EMBED_SWIFT_STANDARD_LIBRARIES = YES;
				ASSETCATALOG_COMPILER_APPICON_NAME = AppIcon;
				CODE_SIGN_STYLE = Automatic;
				DEVELOPMENT_TEAM = X5XRLT3ZW8;
				INFOPLIST_FILE = Sources/App/Info.plist;
				LD_RUNPATH_SEARCH_PATHS = (
					"$(inherited)",
					"@executable_path/Frameworks",
				);
				PRODUCT_BUNDLE_IDENTIFIER = tromg.iBooksCollectionLayout;
				PRODUCT_NAME = "$(TARGET_NAME)";
				SWIFT_VERSION = 5.0;
				TARGETED_DEVICE_FAMILY = "1,2";
			};
			name = Release;
		};
		8C9E5BAF2615D3BF001AB5B5 /* Debug */ = {
			isa = XCBuildConfiguration;
			buildSettings = {
				CLANG_ENABLE_MODULES = YES;
				CLANG_WARN_QUOTED_INCLUDE_IN_FRAMEWORK_HEADER = YES;
				CODE_SIGN_STYLE = Automatic;
				CURRENT_PROJECT_VERSION = 1;
				DEFINES_MODULE = YES;
				DEVELOPMENT_TEAM = X5XRLT3ZW8;
				DYLIB_COMPATIBILITY_VERSION = 1;
				DYLIB_CURRENT_VERSION = 1;
				DYLIB_INSTALL_NAME_BASE = "@rpath";
				INFOPLIST_FILE = Sources/iBooksLayout/Info.plist;
				INSTALL_PATH = "$(LOCAL_LIBRARY_DIR)/Frameworks";
				LD_RUNPATH_SEARCH_PATHS = (
					"$(inherited)",
					"@executable_path/Frameworks",
					"@loader_path/Frameworks",
				);
				PRODUCT_BUNDLE_IDENTIFIER = tromg.iBooksCollectionLayout.iBooksLayout;
				PRODUCT_NAME = "$(TARGET_NAME:c99extidentifier)";
				SKIP_INSTALL = YES;
				SWIFT_OPTIMIZATION_LEVEL = "-Onone";
				SWIFT_VERSION = 5.0;
				TARGETED_DEVICE_FAMILY = "1,2";
				VERSIONING_SYSTEM = "apple-generic";
				VERSION_INFO_PREFIX = "";
			};
			name = Debug;
		};
		8C9E5BB02615D3BF001AB5B5 /* Release */ = {
			isa = XCBuildConfiguration;
			buildSettings = {
				CLANG_ENABLE_MODULES = YES;
				CLANG_WARN_QUOTED_INCLUDE_IN_FRAMEWORK_HEADER = YES;
				CODE_SIGN_STYLE = Automatic;
				CURRENT_PROJECT_VERSION = 1;
				DEFINES_MODULE = YES;
				DEVELOPMENT_TEAM = X5XRLT3ZW8;
				DYLIB_COMPATIBILITY_VERSION = 1;
				DYLIB_CURRENT_VERSION = 1;
				DYLIB_INSTALL_NAME_BASE = "@rpath";
				INFOPLIST_FILE = Sources/iBooksLayout/Info.plist;
				INSTALL_PATH = "$(LOCAL_LIBRARY_DIR)/Frameworks";
				LD_RUNPATH_SEARCH_PATHS = (
					"$(inherited)",
					"@executable_path/Frameworks",
					"@loader_path/Frameworks",
				);
				PRODUCT_BUNDLE_IDENTIFIER = tromg.iBooksCollectionLayout.iBooksLayout;
				PRODUCT_NAME = "$(TARGET_NAME:c99extidentifier)";
				SKIP_INSTALL = YES;
				SWIFT_VERSION = 5.0;
				TARGETED_DEVICE_FAMILY = "1,2";
				VERSIONING_SYSTEM = "apple-generic";
				VERSION_INFO_PREFIX = "";
			};
			name = Release;
		};
/* End XCBuildConfiguration section */

/* Begin XCConfigurationList section */
		6F4AF2432383DFCB007809F9 /* Build configuration list for PBXProject "iBooksCollectionLayout" */ = {
			isa = XCConfigurationList;
			buildConfigurations = (
				6F4AF25A2383DFCD007809F9 /* Debug */,
				6F4AF25B2383DFCD007809F9 /* Release */,
			);
			defaultConfigurationIsVisible = 0;
			defaultConfigurationName = Release;
		};
		6F4AF25C2383DFCD007809F9 /* Build configuration list for PBXNativeTarget "iBooksCollectionLayout" */ = {
			isa = XCConfigurationList;
			buildConfigurations = (
				6F4AF25D2383DFCD007809F9 /* Debug */,
				6F4AF25E2383DFCD007809F9 /* Release */,
			);
			defaultConfigurationIsVisible = 0;
			defaultConfigurationName = Release;
		};
		8C9E5BB12615D3BF001AB5B5 /* Build configuration list for PBXNativeTarget "iBooksLayout" */ = {
			isa = XCConfigurationList;
			buildConfigurations = (
				8C9E5BAF2615D3BF001AB5B5 /* Debug */,
				8C9E5BB02615D3BF001AB5B5 /* Release */,
			);
			defaultConfigurationIsVisible = 0;
			defaultConfigurationName = Release;
		};
/* End XCConfigurationList section */
	};
	rootObject = 6F4AF2402383DFCB007809F9 /* Project object */;
}
